// !$*UTF8*$!
{
	archiveVersion = 1;
	classes = {
	};
	objectVersion = 52;
	objects = {

/* Begin PBXBuildFile section */
		BC7E9687253C97730077B2BE /* AppDelegate.swift in Sources */ = {isa = PBXBuildFile; fileRef = BC7E9686253C97730077B2BE /* AppDelegate.swift */; };
		BC7E9689253C97730077B2BE /* SceneDelegate.swift in Sources */ = {isa = PBXBuildFile; fileRef = BC7E9688253C97730077B2BE /* SceneDelegate.swift */; };
		BC7E968E253C97730077B2BE /* Main.storyboard in Resources */ = {isa = PBXBuildFile; fileRef = BC7E968C253C97730077B2BE /* Main.storyboard */; };
		BC7E9690253C97740077B2BE /* Assets.xcassets in Resources */ = {isa = PBXBuildFile; fileRef = BC7E968F253C97740077B2BE /* Assets.xcassets */; };
		BC7E9693253C97740077B2BE /* LaunchScreen.storyboard in Resources */ = {isa = PBXBuildFile; fileRef = BC7E9691253C97740077B2BE /* LaunchScreen.storyboard */; };
		BC7E96A1253C9D590077B2BE /* APIModel.swift in Sources */ = {isa = PBXBuildFile; fileRef = BC7E96A0253C9D590077B2BE /* APIModel.swift */; };
		BC7E96A5253C9D7F0077B2BE /* APIManager.swift in Sources */ = {isa = PBXBuildFile; fileRef = BC7E96A4253C9D7F0077B2BE /* APIManager.swift */; };
		BC7E96A8253C9E140077B2BE /* MainViewController.swift in Sources */ = {isa = PBXBuildFile; fileRef = BC7E96A7253C9E140077B2BE /* MainViewController.swift */; };
		BC7E96AC253C9E400077B2BE /* MessageTableViewCell.swift in Sources */ = {isa = PBXBuildFile; fileRef = BC7E96AA253C9E400077B2BE /* MessageTableViewCell.swift */; };
		BC7E96AD253C9E400077B2BE /* MessageTableViewCell.xib in Resources */ = {isa = PBXBuildFile; fileRef = BC7E96AB253C9E400077B2BE /* MessageTableViewCell.xib */; };
		BC7E96B3253CA0670077B2BE /* MainVC+APIManagerDelegate.swift in Sources */ = {isa = PBXBuildFile; fileRef = BC7E96B2253CA0670077B2BE /* MainVC+APIManagerDelegate.swift */; };
		BC7E96BB253CAB960077B2BE /* NetworkMonitor.swift in Sources */ = {isa = PBXBuildFile; fileRef = BC7E96BA253CAB960077B2BE /* NetworkMonitor.swift */; };
		BC7E96BF253CAC930077B2BE /* MainVC+TableView.swift in Sources */ = {isa = PBXBuildFile; fileRef = BC7E96BE253CAC930077B2BE /* MainVC+TableView.swift */; };
		BC7E96C3253CB4B30077B2BE /* SDWebImage in Frameworks */ = {isa = PBXBuildFile; productRef = BC7E96C2253CB4B30077B2BE /* SDWebImage */; };
		BC7E96C6253CB58E0077B2BE /* Date+Format.swift in Sources */ = {isa = PBXBuildFile; fileRef = BC7E96C5253CB58E0077B2BE /* Date+Format.swift */; };
/* End PBXBuildFile section */

/* Begin PBXFileReference section */
		BC7E9683253C97730077B2BE /* MobileUp.app */ = {isa = PBXFileReference; explicitFileType = wrapper.application; includeInIndex = 0; path = MobileUp.app; sourceTree = BUILT_PRODUCTS_DIR; };
		BC7E9686253C97730077B2BE /* AppDelegate.swift */ = {isa = PBXFileReference; lastKnownFileType = sourcecode.swift; path = AppDelegate.swift; sourceTree = "<group>"; };
		BC7E9688253C97730077B2BE /* SceneDelegate.swift */ = {isa = PBXFileReference; lastKnownFileType = sourcecode.swift; path = SceneDelegate.swift; sourceTree = "<group>"; };
		BC7E968D253C97730077B2BE /* Base */ = {isa = PBXFileReference; lastKnownFileType = file.storyboard; name = Base; path = Base.lproj/Main.storyboard; sourceTree = "<group>"; };
		BC7E968F253C97740077B2BE /* Assets.xcassets */ = {isa = PBXFileReference; lastKnownFileType = folder.assetcatalog; path = Assets.xcassets; sourceTree = "<group>"; };
		BC7E9692253C97740077B2BE /* Base */ = {isa = PBXFileReference; lastKnownFileType = file.storyboard; name = Base; path = Base.lproj/LaunchScreen.storyboard; sourceTree = "<group>"; };
		BC7E9694253C97740077B2BE /* Info.plist */ = {isa = PBXFileReference; lastKnownFileType = text.plist.xml; path = Info.plist; sourceTree = "<group>"; };
		BC7E96A0253C9D590077B2BE /* APIModel.swift */ = {isa = PBXFileReference; lastKnownFileType = sourcecode.swift; path = APIModel.swift; sourceTree = "<group>"; };
		BC7E96A4253C9D7F0077B2BE /* APIManager.swift */ = {isa = PBXFileReference; lastKnownFileType = sourcecode.swift; path = APIManager.swift; sourceTree = "<group>"; };
		BC7E96A7253C9E140077B2BE /* MainViewController.swift */ = {isa = PBXFileReference; lastKnownFileType = sourcecode.swift; path = MainViewController.swift; sourceTree = "<group>"; };
		BC7E96AA253C9E400077B2BE /* MessageTableViewCell.swift */ = {isa = PBXFileReference; lastKnownFileType = sourcecode.swift; path = MessageTableViewCell.swift; sourceTree = "<group>"; };
		BC7E96AB253C9E400077B2BE /* MessageTableViewCell.xib */ = {isa = PBXFileReference; lastKnownFileType = file.xib; path = MessageTableViewCell.xib; sourceTree = "<group>"; };
		BC7E96B2253CA0670077B2BE /* MainVC+APIManagerDelegate.swift */ = {isa = PBXFileReference; lastKnownFileType = sourcecode.swift; path = "MainVC+APIManagerDelegate.swift"; sourceTree = "<group>"; };
		BC7E96BA253CAB960077B2BE /* NetworkMonitor.swift */ = {isa = PBXFileReference; lastKnownFileType = sourcecode.swift; path = NetworkMonitor.swift; sourceTree = "<group>"; };
		BC7E96BE253CAC930077B2BE /* MainVC+TableView.swift */ = {isa = PBXFileReference; lastKnownFileType = sourcecode.swift; path = "MainVC+TableView.swift"; sourceTree = "<group>"; };
		BC7E96C5253CB58E0077B2BE /* Date+Format.swift */ = {isa = PBXFileReference; lastKnownFileType = sourcecode.swift; path = "Date+Format.swift"; sourceTree = "<group>"; };
/* End PBXFileReference section */

/* Begin PBXFrameworksBuildPhase section */
		BC7E9680253C97730077B2BE /* Frameworks */ = {
			isa = PBXFrameworksBuildPhase;
			buildActionMask = 2147483647;
			files = (
				BC7E96C3253CB4B30077B2BE /* SDWebImage in Frameworks */,
			);
			runOnlyForDeploymentPostprocessing = 0;
		};
/* End PBXFrameworksBuildPhase section */

/* Begin PBXGroup section */
		BC7E967A253C97730077B2BE = {
			isa = PBXGroup;
			children = (
				BC7E9685253C97730077B2BE /* MobileUp */,
				BC7E9684253C97730077B2BE /* Products */,
			);
			sourceTree = "<group>";
		};
		BC7E9684253C97730077B2BE /* Products */ = {
			isa = PBXGroup;
			children = (
				BC7E9683253C97730077B2BE /* MobileUp.app */,
			);
			name = Products;
			sourceTree = "<group>";
		};
		BC7E9685253C97730077B2BE /* MobileUp */ = {
			isa = PBXGroup;
			children = (
				BC7E9686253C97730077B2BE /* AppDelegate.swift */,
				BC7E9688253C97730077B2BE /* SceneDelegate.swift */,
				BC7E969B253C9CF10077B2BE /* Model */,
				BC7E969C253C9D250077B2BE /* Views */,
				BC7E969E253C9D380077B2BE /* Controllers */,
				BC7E96B1253CA03F0077B2BE /* Extensions */,
				BC7E968F253C97740077B2BE /* Assets.xcassets */,
				BC7E9694253C97740077B2BE /* Info.plist */,
			);
			path = MobileUp;
			sourceTree = "<group>";
		};
		BC7E969B253C9CF10077B2BE /* Model */ = {
			isa = PBXGroup;
			children = (
				BC7E96A0253C9D590077B2BE /* APIModel.swift */,
				BC7E96A4253C9D7F0077B2BE /* APIManager.swift */,
				BC7E96BA253CAB960077B2BE /* NetworkMonitor.swift */,
			);
			path = Model;
			sourceTree = "<group>";
		};
		BC7E969C253C9D250077B2BE /* Views */ = {
			isa = PBXGroup;
			children = (
				BC7E968C253C97730077B2BE /* Main.storyboard */,
				BC7E9691253C97740077B2BE /* LaunchScreen.storyboard */,
				BC7E96AA253C9E400077B2BE /* MessageTableViewCell.swift */,
				BC7E96AB253C9E400077B2BE /* MessageTableViewCell.xib */,
			);
			path = Views;
			sourceTree = "<group>";
		};
		BC7E969E253C9D380077B2BE /* Controllers */ = {
			isa = PBXGroup;
			children = (
				BC7E96A7253C9E140077B2BE /* MainViewController.swift */,
			);
			path = Controllers;
			sourceTree = "<group>";
		};
		BC7E96B1253CA03F0077B2BE /* Extensions */ = {
			isa = PBXGroup;
			children = (
				BC7E96B2253CA0670077B2BE /* MainVC+APIManagerDelegate.swift */,
				BC7E96BE253CAC930077B2BE /* MainVC+TableView.swift */,
				BC7E96C5253CB58E0077B2BE /* Date+Format.swift */,
			);
			path = Extensions;
			sourceTree = "<group>";
		};
/* End PBXGroup section */

/* Begin PBXNativeTarget section */
		BC7E9682253C97730077B2BE /* MobileUp */ = {
			isa = PBXNativeTarget;
			buildConfigurationList = BC7E9697253C97740077B2BE /* Build configuration list for PBXNativeTarget "MobileUp" */;
			buildPhases = (
				BC7E967F253C97730077B2BE /* Sources */,
				BC7E9680253C97730077B2BE /* Frameworks */,
				BC7E9681253C97730077B2BE /* Resources */,
			);
			buildRules = (
			);
			dependencies = (
			);
			name = MobileUp;
			packageProductDependencies = (
				BC7E96C2253CB4B30077B2BE /* SDWebImage */,
			);
			productName = MobileUp;
			productReference = BC7E9683253C97730077B2BE /* MobileUp.app */;
			productType = "com.apple.product-type.application";
		};
/* End PBXNativeTarget section */

/* Begin PBXProject section */
		BC7E967B253C97730077B2BE /* Project object */ = {
			isa = PBXProject;
			attributes = {
				LastSwiftUpdateCheck = 1200;
				LastUpgradeCheck = 1200;
				TargetAttributes = {
					BC7E9682253C97730077B2BE = {
						CreatedOnToolsVersion = 12.0.1;
					};
				};
			};
			buildConfigurationList = BC7E967E253C97730077B2BE /* Build configuration list for PBXProject "MobileUp" */;
			compatibilityVersion = "Xcode 9.3";
			developmentRegion = en;
			hasScannedForEncodings = 0;
			knownRegions = (
				en,
				Base,
			);
			mainGroup = BC7E967A253C97730077B2BE;
			packageReferences = (
				BC7E96C1253CB4B30077B2BE /* XCRemoteSwiftPackageReference "SDWebImage" */,
			);
			productRefGroup = BC7E9684253C97730077B2BE /* Products */;
			projectDirPath = "";
			projectRoot = "";
			targets = (
				BC7E9682253C97730077B2BE /* MobileUp */,
			);
		};
/* End PBXProject section */

/* Begin PBXResourcesBuildPhase section */
		BC7E9681253C97730077B2BE /* Resources */ = {
			isa = PBXResourcesBuildPhase;
			buildActionMask = 2147483647;
			files = (
				BC7E9693253C97740077B2BE /* LaunchScreen.storyboard in Resources */,
				BC7E96AD253C9E400077B2BE /* MessageTableViewCell.xib in Resources */,
				BC7E9690253C97740077B2BE /* Assets.xcassets in Resources */,
				BC7E968E253C97730077B2BE /* Main.storyboard in Resources */,
			);
			runOnlyForDeploymentPostprocessing = 0;
		};
/* End PBXResourcesBuildPhase section */

/* Begin PBXSourcesBuildPhase section */
		BC7E967F253C97730077B2BE /* Sources */ = {
			isa = PBXSourcesBuildPhase;
			buildActionMask = 2147483647;
			files = (
				BC7E96AC253C9E400077B2BE /* MessageTableViewCell.swift in Sources */,
				BC7E96A1253C9D590077B2BE /* APIModel.swift in Sources */,
				BC7E96A5253C9D7F0077B2BE /* APIManager.swift in Sources */,
				BC7E96A8253C9E140077B2BE /* MainViewController.swift in Sources */,
				BC7E96BB253CAB960077B2BE /* NetworkMonitor.swift in Sources */,
				BC7E96B3253CA0670077B2BE /* MainVC+APIManagerDelegate.swift in Sources */,
				BC7E96C6253CB58E0077B2BE /* Date+Format.swift in Sources */,
				BC7E9687253C97730077B2BE /* AppDelegate.swift in Sources */,
				BC7E9689253C97730077B2BE /* SceneDelegate.swift in Sources */,
				BC7E96BF253CAC930077B2BE /* MainVC+TableView.swift in Sources */,
			);
			runOnlyForDeploymentPostprocessing = 0;
		};
/* End PBXSourcesBuildPhase section */

/* Begin PBXVariantGroup section */
		BC7E968C253C97730077B2BE /* Main.storyboard */ = {
			isa = PBXVariantGroup;
			children = (
				BC7E968D253C97730077B2BE /* Base */,
			);
			name = Main.storyboard;
			sourceTree = "<group>";
		};
		BC7E9691253C97740077B2BE /* LaunchScreen.storyboard */ = {
			isa = PBXVariantGroup;
			children = (
				BC7E9692253C97740077B2BE /* Base */,
			);
			name = LaunchScreen.storyboard;
			sourceTree = "<group>";
		};
/* End PBXVariantGroup section */

/* Begin XCBuildConfiguration section */
		BC7E9695253C97740077B2BE /* Debug */ = {
			isa = XCBuildConfiguration;
			buildSettings = {
				ALWAYS_SEARCH_USER_PATHS = NO;
				CLANG_ANALYZER_NONNULL = YES;
				CLANG_ANALYZER_NUMBER_OBJECT_CONVERSION = YES_AGGRESSIVE;
				CLANG_CXX_LANGUAGE_STANDARD = "gnu++14";
				CLANG_CXX_LIBRARY = "libc++";
				CLANG_ENABLE_MODULES = YES;
				CLANG_ENABLE_OBJC_ARC = YES;
				CLANG_ENABLE_OBJC_WEAK = YES;
				CLANG_WARN_BLOCK_CAPTURE_AUTORELEASING = YES;
				CLANG_WARN_BOOL_CONVERSION = YES;
				CLANG_WARN_COMMA = YES;
				CLANG_WARN_CONSTANT_CONVERSION = YES;
				CLANG_WARN_DEPRECATED_OBJC_IMPLEMENTATIONS = YES;
				CLANG_WARN_DIRECT_OBJC_ISA_USAGE = YES_ERROR;
				CLANG_WARN_DOCUMENTATION_COMMENTS = YES;
				CLANG_WARN_EMPTY_BODY = YES;
				CLANG_WARN_ENUM_CONVERSION = YES;
				CLANG_WARN_INFINITE_RECURSION = YES;
				CLANG_WARN_INT_CONVERSION = YES;
				CLANG_WARN_NON_LITERAL_NULL_CONVERSION = YES;
				CLANG_WARN_OBJC_IMPLICIT_RETAIN_SELF = YES;
				CLANG_WARN_OBJC_LITERAL_CONVERSION = YES;
				CLANG_WARN_OBJC_ROOT_CLASS = YES_ERROR;
				CLANG_WARN_QUOTED_INCLUDE_IN_FRAMEWORK_HEADER = YES;
				CLANG_WARN_RANGE_LOOP_ANALYSIS = YES;
				CLANG_WARN_STRICT_PROTOTYPES = YES;
				CLANG_WARN_SUSPICIOUS_MOVE = YES;
				CLANG_WARN_UNGUARDED_AVAILABILITY = YES_AGGRESSIVE;
				CLANG_WARN_UNREACHABLE_CODE = YES;
				CLANG_WARN__DUPLICATE_METHOD_MATCH = YES;
				COPY_PHASE_STRIP = NO;
				DEBUG_INFORMATION_FORMAT = dwarf;
				ENABLE_STRICT_OBJC_MSGSEND = YES;
				ENABLE_TESTABILITY = YES;
				GCC_C_LANGUAGE_STANDARD = gnu11;
				GCC_DYNAMIC_NO_PIC = NO;
				GCC_NO_COMMON_BLOCKS = YES;
				GCC_OPTIMIZATION_LEVEL = 0;
				GCC_PREPROCESSOR_DEFINITIONS = (
					"DEBUG=1",
					"$(inherited)",
				);
				GCC_WARN_64_TO_32_BIT_CONVERSION = YES;
				GCC_WARN_ABOUT_RETURN_TYPE = YES_ERROR;
				GCC_WARN_UNDECLARED_SELECTOR = YES;
				GCC_WARN_UNINITIALIZED_AUTOS = YES_AGGRESSIVE;
				GCC_WARN_UNUSED_FUNCTION = YES;
				GCC_WARN_UNUSED_VARIABLE = YES;
				IPHONEOS_DEPLOYMENT_TARGET = 14.0;
				MTL_ENABLE_DEBUG_INFO = INCLUDE_SOURCE;
				MTL_FAST_MATH = YES;
				ONLY_ACTIVE_ARCH = YES;
				SDKROOT = iphoneos;
				SWIFT_ACTIVE_COMPILATION_CONDITIONS = DEBUG;
				SWIFT_OPTIMIZATION_LEVEL = "-Onone";
			};
			name = Debug;
		};
		BC7E9696253C97740077B2BE /* Release */ = {
			isa = XCBuildConfiguration;
			buildSettings = {
				ALWAYS_SEARCH_USER_PATHS = NO;
				CLANG_ANALYZER_NONNULL = YES;
				CLANG_ANALYZER_NUMBER_OBJECT_CONVERSION = YES_AGGRESSIVE;
				CLANG_CXX_LANGUAGE_STANDARD = "gnu++14";
				CLANG_CXX_LIBRARY = "libc++";
				CLANG_ENABLE_MODULES = YES;
				CLANG_ENABLE_OBJC_ARC = YES;
				CLANG_ENABLE_OBJC_WEAK = YES;
				CLANG_WARN_BLOCK_CAPTURE_AUTORELEASING = YES;
				CLANG_WARN_BOOL_CONVERSION = YES;
				CLANG_WARN_COMMA = YES;
				CLANG_WARN_CONSTANT_CONVERSION = YES;
				CLANG_WARN_DEPRECATED_OBJC_IMPLEMENTATIONS = YES;
				CLANG_WARN_DIRECT_OBJC_ISA_USAGE = YES_ERROR;
				CLANG_WARN_DOCUMENTATION_COMMENTS = YES;
				CLANG_WARN_EMPTY_BODY = YES;
				CLANG_WARN_ENUM_CONVERSION = YES;
				CLANG_WARN_INFINITE_RECURSION = YES;
				CLANG_WARN_INT_CONVERSION = YES;
				CLANG_WARN_NON_LITERAL_NULL_CONVERSION = YES;
				CLANG_WARN_OBJC_IMPLICIT_RETAIN_SELF = YES;
				CLANG_WARN_OBJC_LITERAL_CONVERSION = YES;
				CLANG_WARN_OBJC_ROOT_CLASS = YES_ERROR;
				CLANG_WARN_QUOTED_INCLUDE_IN_FRAMEWORK_HEADER = YES;
				CLANG_WARN_RANGE_LOOP_ANALYSIS = YES;
				CLANG_WARN_STRICT_PROTOTYPES = YES;
				CLANG_WARN_SUSPICIOUS_MOVE = YES;
				CLANG_WARN_UNGUARDED_AVAILABILITY = YES_AGGRESSIVE;
				CLANG_WARN_UNREACHABLE_CODE = YES;
				CLANG_WARN__DUPLICATE_METHOD_MATCH = YES;
				COPY_PHASE_STRIP = NO;
				DEBUG_INFORMATION_FORMAT = "dwarf-with-dsym";
				ENABLE_NS_ASSERTIONS = NO;
				ENABLE_STRICT_OBJC_MSGSEND = YES;
				GCC_C_LANGUAGE_STANDARD = gnu11;
				GCC_NO_COMMON_BLOCKS = YES;
				GCC_WARN_64_TO_32_BIT_CONVERSION = YES;
				GCC_WARN_ABOUT_RETURN_TYPE = YES_ERROR;
				GCC_WARN_UNDECLARED_SELECTOR = YES;
				GCC_WARN_UNINITIALIZED_AUTOS = YES_AGGRESSIVE;
				GCC_WARN_UNUSED_FUNCTION = YES;
				GCC_WARN_UNUSED_VARIABLE = YES;
				IPHONEOS_DEPLOYMENT_TARGET = 14.0;
				MTL_ENABLE_DEBUG_INFO = NO;
				MTL_FAST_MATH = YES;
				SDKROOT = iphoneos;
				SWIFT_COMPILATION_MODE = wholemodule;
				SWIFT_OPTIMIZATION_LEVEL = "-O";
				VALIDATE_PRODUCT = YES;
			};
			name = Release;
		};
		BC7E9698253C97740077B2BE /* Debug */ = {
			isa = XCBuildConfiguration;
			buildSettings = {
				ASSETCATALOG_COMPILER_APPICON_NAME = AppIcon;
				ASSETCATALOG_COMPILER_GLOBAL_ACCENT_COLOR_NAME = AccentColor;
				CODE_SIGN_STYLE = Automatic;
				DEVELOPMENT_TEAM = 4HVP6F47R6;
				INFOPLIST_FILE = MobileUp/Info.plist;
				LD_RUNPATH_SEARCH_PATHS = (
					"$(inherited)",
					"@executable_path/Frameworks",
				);
				PRODUCT_BUNDLE_IDENTIFIER = dsushkov.MobileUp;
				PRODUCT_NAME = "$(TARGET_NAME)";
				SWIFT_VERSION = 5.0;
				TARGETED_DEVICE_FAMILY = 1;
			};
			name = Debug;
		};
		BC7E9699253C97740077B2BE /* Release */ = {
			isa = XCBuildConfiguration;
			buildSettings = {
				ASSETCATALOG_COMPILER_APPICON_NAME = AppIcon;
				ASSETCATALOG_COMPILER_GLOBAL_ACCENT_COLOR_NAME = AccentColor;
				CODE_SIGN_STYLE = Automatic;
				DEVELOPMENT_TEAM = 4HVP6F47R6;
				INFOPLIST_FILE = MobileUp/Info.plist;
				LD_RUNPATH_SEARCH_PATHS = (
					"$(inherited)",
					"@executable_path/Frameworks",
				);
				PRODUCT_BUNDLE_IDENTIFIER = dsushkov.MobileUp;
				PRODUCT_NAME = "$(TARGET_NAME)";
				SWIFT_VERSION = 5.0;
				TARGETED_DEVICE_FAMILY = 1;
			};
			name = Release;
		};
/* End XCBuildConfiguration section */

/* Begin XCConfigurationList section */
		BC7E967E253C97730077B2BE /* Build configuration list for PBXProject "MobileUp" */ = {
			isa = XCConfigurationList;
			buildConfigurations = (
				BC7E9695253C97740077B2BE /* Debug */,
				BC7E9696253C97740077B2BE /* Release */,
			);
			defaultConfigurationIsVisible = 0;
			defaultConfigurationName = Release;
		};
		BC7E9697253C97740077B2BE /* Build configuration list for PBXNativeTarget "MobileUp" */ = {
			isa = XCConfigurationList;
			buildConfigurations = (
				BC7E9698253C97740077B2BE /* Debug */,
				BC7E9699253C97740077B2BE /* Release */,
			);
			defaultConfigurationIsVisible = 0;
			defaultConfigurationName = Release;
		};
/* End XCConfigurationList section */

/* Begin XCRemoteSwiftPackageReference section */
		BC7E96C1253CB4B30077B2BE /* XCRemoteSwiftPackageReference "SDWebImage" */ = {
			isa = XCRemoteSwiftPackageReference;
			repositoryURL = "https://github.com/SDWebImage/SDWebImage.git";
			requirement = {
				kind = upToNextMajorVersion;
				minimumVersion = 5.9.3;
			};
		};
/* End XCRemoteSwiftPackageReference section */

/* Begin XCSwiftPackageProductDependency section */
		BC7E96C2253CB4B30077B2BE /* SDWebImage */ = {
			isa = XCSwiftPackageProductDependency;
			package = BC7E96C1253CB4B30077B2BE /* XCRemoteSwiftPackageReference "SDWebImage" */;
			productName = SDWebImage;
		};
/* End XCSwiftPackageProductDependency section */
	};
	rootObject = BC7E967B253C97730077B2BE /* Project object */;
}
